
Microsoft Visual Studio Solution File, Format Version 12.00
# Visual Studio Version 17
VisualStudioVersion = 17.4.33403.182
MinimumVisualStudioVersion = 10.0.40219.1
Project("{FAE04EC0-301F-11D3-BF4B-00C04F79EFBC}") = "beecrowd1051", "beecrowd1051\beecrowd1051.csproj", "{AD661E9D-C6A6-4C64-94B1-0FDEDD0B0113}"
EndProject
Global
	GlobalSection(SolutionConfigurationPlatforms) = preSolution
		Debug|Any CPU = Debug|Any CPU
		Release|Any CPU = Release|Any CPU
	EndGlobalSection
	GlobalSection(ProjectConfigurationPlatforms) = postSolution
		{AD661E9D-C6A6-4C64-94B1-0FDEDD0B0113}.Debug|Any CPU.ActiveCfg = Debug|Any CPU
		{AD661E9D-C6A6-4C64-94B1-0FDEDD0B0113}.Debug|Any CPU.Build.0 = Debug|Any CPU
		{AD661E9D-C6A6-4C64-94B1-0FDEDD0B0113}.Release|Any CPU.ActiveCfg = Release|Any CPU
		{AD661E9D-C6A6-4C64-94B1-0FDEDD0B0113}.Release|Any CPU.Build.0 = Release|Any CPU
	EndGlobalSection
	GlobalSection(SolutionProperties) = preSolution
		HideSolutionNode = FALSE
	EndGlobalSection
	GlobalSection(ExtensibilityGlobals) = postSolution
		SolutionGuid = {8AD72E0A-1135-4BDA-807A-525EB8020A3B}
	EndGlobalSection
EndGlobal
