
Microsoft Visual Studio Solution File, Format Version 12.00
# Visual Studio Version 17
VisualStudioVersion = 17.5.33414.496
MinimumVisualStudioVersion = 10.0.40219.1
Project("{FAE04EC0-301F-11D3-BF4B-00C04F79EFBC}") = "beecrowd1118", "beecrowd1118\beecrowd1118.csproj", "{73A090D4-1C22-4BFC-BB62-DEE49C989DCC}"
EndProject
Global
	GlobalSection(SolutionConfigurationPlatforms) = preSolution
		Debug|Any CPU = Debug|Any CPU
		Release|Any CPU = Release|Any CPU
	EndGlobalSection
	GlobalSection(ProjectConfigurationPlatforms) = postSolution
		{73A090D4-1C22-4BFC-BB62-DEE49C989DCC}.Debug|Any CPU.ActiveCfg = Debug|Any CPU
		{73A090D4-1C22-4BFC-BB62-DEE49C989DCC}.Debug|Any CPU.Build.0 = Debug|Any CPU
		{73A090D4-1C22-4BFC-BB62-DEE49C989DCC}.Release|Any CPU.ActiveCfg = Release|Any CPU
		{73A090D4-1C22-4BFC-BB62-DEE49C989DCC}.Release|Any CPU.Build.0 = Release|Any CPU
	EndGlobalSection
	GlobalSection(SolutionProperties) = preSolution
		HideSolutionNode = FALSE
	EndGlobalSection
	GlobalSection(ExtensibilityGlobals) = postSolution
		SolutionGuid = {6C94A799-6954-49B8-86C0-1B7DD8DE2228}
	EndGlobalSection
EndGlobal
