
Microsoft Visual Studio Solution File, Format Version 12.00
# Visual Studio Version 17
VisualStudioVersion = 17.4.33403.182
MinimumVisualStudioVersion = 10.0.40219.1
Project("{FAE04EC0-301F-11D3-BF4B-00C04F79EFBC}") = "Media 3", "Media 3\Media 3.csproj", "{A9201147-8A2E-4E6A-A004-5C3DF04D0605}"
EndProject
Global
	GlobalSection(SolutionConfigurationPlatforms) = preSolution
		Debug|Any CPU = Debug|Any CPU
		Release|Any CPU = Release|Any CPU
	EndGlobalSection
	GlobalSection(ProjectConfigurationPlatforms) = postSolution
		{A9201147-8A2E-4E6A-A004-5C3DF04D0605}.Debug|Any CPU.ActiveCfg = Debug|Any CPU
		{A9201147-8A2E-4E6A-A004-5C3DF04D0605}.Debug|Any CPU.Build.0 = Debug|Any CPU
		{A9201147-8A2E-4E6A-A004-5C3DF04D0605}.Release|Any CPU.ActiveCfg = Release|Any CPU
		{A9201147-8A2E-4E6A-A004-5C3DF04D0605}.Release|Any CPU.Build.0 = Release|Any CPU
	EndGlobalSection
	GlobalSection(SolutionProperties) = preSolution
		HideSolutionNode = FALSE
	EndGlobalSection
	GlobalSection(ExtensibilityGlobals) = postSolution
		SolutionGuid = {0924FB8B-F32D-4969-9445-CCE8414D216F}
	EndGlobalSection
EndGlobal
