
Microsoft Visual Studio Solution File, Format Version 12.00
# Visual Studio Version 17
VisualStudioVersion = 17.4.33403.182
MinimumVisualStudioVersion = 10.0.40219.1
Project("{FAE04EC0-301F-11D3-BF4B-00C04F79EFBC}") = "beecrowd1041", "beecrowd1041\beecrowd1041.csproj", "{386A5D7D-A494-4027-B27D-CEB01AAF9225}"
EndProject
Global
	GlobalSection(SolutionConfigurationPlatforms) = preSolution
		Debug|Any CPU = Debug|Any CPU
		Release|Any CPU = Release|Any CPU
	EndGlobalSection
	GlobalSection(ProjectConfigurationPlatforms) = postSolution
		{386A5D7D-A494-4027-B27D-CEB01AAF9225}.Debug|Any CPU.ActiveCfg = Debug|Any CPU
		{386A5D7D-A494-4027-B27D-CEB01AAF9225}.Debug|Any CPU.Build.0 = Debug|Any CPU
		{386A5D7D-A494-4027-B27D-CEB01AAF9225}.Release|Any CPU.ActiveCfg = Release|Any CPU
		{386A5D7D-A494-4027-B27D-CEB01AAF9225}.Release|Any CPU.Build.0 = Release|Any CPU
	EndGlobalSection
	GlobalSection(SolutionProperties) = preSolution
		HideSolutionNode = FALSE
	EndGlobalSection
	GlobalSection(ExtensibilityGlobals) = postSolution
		SolutionGuid = {D95ABF8B-A719-4123-A56A-1C28C7A99AFF}
	EndGlobalSection
EndGlobal
